Microsoft Visual Studio Solution File, Format Version 11.00
# Visual Studio 2008

Project("{6AB83572-606D-250E-C2E1-469C6C6BF57F}") = "total11", "Assembly-CSharp.csproj", "{35E7C5DE-38BC-4184-60D2-57661E899192}"
EndProject
Global
	GlobalSection(SolutionConfigurationPlatforms) = preSolution
		Debug|Any CPU = Debug|Any CPU
		Release|Any CPU = Release|Any CPU
	EndGlobalSection
	GlobalSection(ProjectConfigurationPlatforms) = postSolution
		{35E7C5DE-38BC-4184-60D2-57661E899192}.Debug|Any CPU.ActiveCfg = Debug|Any CPU
		{35E7C5DE-38BC-4184-60D2-57661E899192}.Debug|Any CPU.Build.0 = Debug|Any CPU
		{35E7C5DE-38BC-4184-60D2-57661E899192}.Release|Any CPU.ActiveCfg = Release|Any CPU
		{35E7C5DE-38BC-4184-60D2-57661E899192}.Release|Any CPU.Build.0 = Release|Any CPU
	EndGlobalSection
	GlobalSection(SolutionProperties) = preSolution
		HideSolutionNode = FALSE
	EndGlobalSection
	GlobalSection(MonoDevelopProperties) = preSolution
		StartupItem = Assembly-CSharp.csproj
	EndGlobalSection
EndGlobal
